
Microsoft Visual Studio Solution File, Format Version 12.00
# Visual Studio Version 16
VisualStudioVersion = 16.0.30907.101
MinimumVisualStudioVersion = 10.0.40219.1
Project("{FAE04EC0-301F-11D3-BF4B-00C04F79EFBC}") = "SimpleWebapp", "SimpleWebapp\SimpleWebapp.csproj", "{0BE450BC-6ECC-420D-AFEA-7084D13195F7}"
EndProject
Global
	GlobalSection(SolutionConfigurationPlatforms) = preSolution
		Debug|Any CPU = Debug|Any CPU
		Release|Any CPU = Release|Any CPU
	EndGlobalSection
	GlobalSection(ProjectConfigurationPlatforms) = postSolution
		{0BE450BC-6ECC-420D-AFEA-7084D13195F7}.Debug|Any CPU.ActiveCfg = Debug|Any CPU
		{0BE450BC-6ECC-420D-AFEA-7084D13195F7}.Debug|Any CPU.Build.0 = Debug|Any CPU
		{0BE450BC-6ECC-420D-AFEA-7084D13195F7}.Release|Any CPU.ActiveCfg = Release|Any CPU
		{0BE450BC-6ECC-420D-AFEA-7084D13195F7}.Release|Any CPU.Build.0 = Release|Any CPU
	EndGlobalSection
	GlobalSection(SolutionProperties) = preSolution
		HideSolutionNode = FALSE
	EndGlobalSection
	GlobalSection(ExtensibilityGlobals) = postSolution
		SolutionGuid = {EF240A49-391F-4461-9EDA-B603316467E1}
	EndGlobalSection
EndGlobal
